<?xml version="1.0" encoding="UTF-8" standalone="yes" ?>
<CodeBlocks_project_file>
	<FileVersion major="1" minor="6" />
	<Project>
		<Option title="SDBGUI" />
		<Option pch_mode="2" />
		<Option compiler="gcc" />
		<Build>
			<Target title="Debug">
				<Option output="bin/Debug/SDBGUI" prefix_auto="1" extension_auto="1" />
				<Option object_output="obj/Debug/" />
				<Option type="1" />
				<Option compiler="gcc" />
				<Compiler>
					<Add option="-g" />
				</Compiler>
			</Target>
			<Target title="Release">
				<Option output="bin/Release/SDBGUI" prefix_auto="1" extension_auto="1" />
				<Option object_output="obj/Release/" />
				<Option type="1" />
				<Option compiler="gcc" />
				<Compiler>
					<Add option="-O2" />
				</Compiler>
				<Linker>
					<Add option="-s" />
				</Linker>
			</Target>
		</Build>
		<Compiler>
			<Add option="-Wall" />
			<Add option="-std=c++11" />
			<Add option="-DSFML_STATIC" />
			<Add directory="include" />
			<Add directory="include/Box2D" />
		</Compiler>
		<Linker>
			<Add library="sfml-graphics-s" />
			<Add library="sfml-window-s" />
			<Add library="sfml-system-s" />
			<Add library="opengl32" />
			<Add library="freetype" />
			<Add library="jpeg" />
			<Add library="winmm" />
			<Add library="gdi32" />
			<Add library="lua" />
			<Add directory="lib" />
		</Linker>
		<Unit filename="exampleNormal.cpp" />
		<Unit filename="include/Animation/Animation.h" />
		<Unit filename="include/Animation/AnimationController.h" />
		<Unit filename="include/Animation/AnimationModel.h" />
		<Unit filename="include/Animation/AnimationViewer.h" />
		<Unit filename="include/Arrow/Arrow.h" />
		<Unit filename="include/Arrow/ArrowController.h" />
		<Unit filename="include/Arrow/ArrowModel.h" />
		<Unit filename="include/Arrow/ArrowViewer.h" />
		<Unit filename="include/Box2D/Box2D.h" />
		<Unit filename="include/Box2D/Collision/Shapes/b2ChainShape.h" />
		<Unit filename="include/Box2D/Collision/Shapes/b2CircleShape.h" />
		<Unit filename="include/Box2D/Collision/Shapes/b2EdgeShape.h" />
		<Unit filename="include/Box2D/Collision/Shapes/b2PolygonShape.h" />
		<Unit filename="include/Box2D/Collision/Shapes/b2Shape.h" />
		<Unit filename="include/Box2D/Collision/b2BroadPhase.h" />
		<Unit filename="include/Box2D/Collision/b2Collision.h" />
		<Unit filename="include/Box2D/Collision/b2Distance.h" />
		<Unit filename="include/Box2D/Collision/b2DynamicTree.h" />
		<Unit filename="include/Box2D/Collision/b2TimeOfImpact.h" />
		<Unit filename="include/Box2D/Common/b2BlockAllocator.h" />
		<Unit filename="include/Box2D/Common/b2Draw.h" />
		<Unit filename="include/Box2D/Common/b2GrowableStack.h" />
		<Unit filename="include/Box2D/Common/b2Math.h" />
		<Unit filename="include/Box2D/Common/b2Settings.h" />
		<Unit filename="include/Box2D/Common/b2StackAllocator.h" />
		<Unit filename="include/Box2D/Common/b2Timer.h" />
		<Unit filename="include/Box2D/Dynamics/Contacts/b2ChainAndCircleContact.h" />
		<Unit filename="include/Box2D/Dynamics/Contacts/b2ChainAndPolygonContact.h" />
		<Unit filename="include/Box2D/Dynamics/Contacts/b2CircleContact.h" />
		<Unit filename="include/Box2D/Dynamics/Contacts/b2Contact.h" />
		<Unit filename="include/Box2D/Dynamics/Contacts/b2ContactSolver.h" />
		<Unit filename="include/Box2D/Dynamics/Contacts/b2EdgeAndCircleContact.h" />
		<Unit filename="include/Box2D/Dynamics/Contacts/b2EdgeAndPolygonContact.h" />
		<Unit filename="include/Box2D/Dynamics/Contacts/b2PolygonAndCircleContact.h" />
		<Unit filename="include/Box2D/Dynamics/Contacts/b2PolygonContact.h" />
		<Unit filename="include/Box2D/Dynamics/Joints/b2DistanceJoint.h" />
		<Unit filename="include/Box2D/Dynamics/Joints/b2FrictionJoint.h" />
		<Unit filename="include/Box2D/Dynamics/Joints/b2GearJoint.h" />
		<Unit filename="include/Box2D/Dynamics/Joints/b2Joint.h" />
		<Unit filename="include/Box2D/Dynamics/Joints/b2MotorJoint.h" />
		<Unit filename="include/Box2D/Dynamics/Joints/b2MouseJoint.h" />
		<Unit filename="include/Box2D/Dynamics/Joints/b2PrismaticJoint.h" />
		<Unit filename="include/Box2D/Dynamics/Joints/b2PulleyJoint.h" />
		<Unit filename="include/Box2D/Dynamics/Joints/b2RevoluteJoint.h" />
		<Unit filename="include/Box2D/Dynamics/Joints/b2RopeJoint.h" />
		<Unit filename="include/Box2D/Dynamics/Joints/b2WeldJoint.h" />
		<Unit filename="include/Box2D/Dynamics/Joints/b2WheelJoint.h" />
		<Unit filename="include/Box2D/Dynamics/b2Body.h" />
		<Unit filename="include/Box2D/Dynamics/b2ContactManager.h" />
		<Unit filename="include/Box2D/Dynamics/b2Fixture.h" />
		<Unit filename="include/Box2D/Dynamics/b2Island.h" />
		<Unit filename="include/Box2D/Dynamics/b2TimeStep.h" />
		<Unit filename="include/Box2D/Dynamics/b2World.h" />
		<Unit filename="include/Box2D/Dynamics/b2WorldCallbacks.h" />
		<Unit filename="include/Box2D/Rope/b2Rope.h" />
		<Unit filename="include/BoxCollider2/BoxCollider2.h" />
		<Unit filename="include/BoxCollider2/BoxCollider2Controller.h" />
		<Unit filename="include/BoxCollider2/BoxCollider2Model.h" />
		<Unit filename="include/BoxCollider2/BoxCollider2Viewer.h" />
		<Unit filename="include/BoxCollider/BoxCollider.h" />
		<Unit filename="include/BoxCollider/BoxColliderController.h" />
		<Unit filename="include/BoxCollider/BoxColliderModel.h" />
		<Unit filename="include/BoxCollider/BoxColliderViewer.h" />
		<Unit filename="include/Button/Button.h" />
		<Unit filename="include/Button/ButtonController.h" />
		<Unit filename="include/Button/ButtonModel.h" />
		<Unit filename="include/Button/ButtonViewer.h" />
		<Unit filename="include/CheckBox/CheckBox.h" />
		<Unit filename="include/CheckBox/CheckBoxController.h" />
		<Unit filename="include/CheckBox/CheckBoxModel.h" />
		<Unit filename="include/CheckBox/CheckBoxViewer.h" />
		<Unit filename="include/CircleCollider/CircleCollider.h" />
		<Unit filename="include/CircleCollider/CircleColliderController.h" />
		<Unit filename="include/CircleCollider/CircleColliderModel.h" />
		<Unit filename="include/CircleCollider/CircleColliderViewer.h" />
		<Unit filename="include/Collider/Collider.h" />
		<Unit filename="include/Collider/ColliderController.h" />
		<Unit filename="include/Collider/ColliderModel.h" />
		<Unit filename="include/Collider/ColliderViewer.h" />
		<Unit filename="include/Component/Component.h" />
		<Unit filename="include/Component/ComponentController.h" />
		<Unit filename="include/Component/ComponentModel.h" />
		<Unit filename="include/Component/ComponentViewer.h" />
		<Unit filename="include/DistanceJoint/DistanceJoint.h" />
		<Unit filename="include/DistanceJoint/DistanceJointController.h" />
		<Unit filename="include/DistanceJoint/DistanceJointModel.h" />
		<Unit filename="include/DistanceJoint/DistanceJointViewer.h" />
		<Unit filename="include/Edit/Edit.h" />
		<Unit filename="include/Edit/EditController.h" />
		<Unit filename="include/Edit/EditModel.h" />
		<Unit filename="include/Edit/EditViewer.h" />
		<Unit filename="include/GUI/GUI.h" />
		<Unit filename="include/GUI/GUIController.h" />
		<Unit filename="include/GUI/GUIModel.h" />
		<Unit filename="include/GUI/GUIViewer.h" />
		<Unit filename="include/Joint/Joint.h" />
		<Unit filename="include/Joint/JointController.h" />
		<Unit filename="include/Joint/JointModel.h" />
		<Unit filename="include/Joint/JointViewer.h" />
		<Unit filename="include/Label/Label.h" />
		<Unit filename="include/Label/LabelController.h" />
		<Unit filename="include/Label/LabelModel.h" />
		<Unit filename="include/Label/LabelViewer.h" />
		<Unit filename="include/Lua/lapi.h" />
		<Unit filename="include/Lua/lauxlib.h" />
		<Unit filename="include/Lua/lcode.h" />
		<Unit filename="include/Lua/ldebug.h" />
		<Unit filename="include/Lua/ldo.h" />
		<Unit filename="include/Lua/lfunc.h" />
		<Unit filename="include/Lua/lgc.h" />
		<Unit filename="include/Lua/llex.h" />
		<Unit filename="include/Lua/llimits.h" />
		<Unit filename="include/Lua/lmem.h" />
		<Unit filename="include/Lua/lobject.h" />
		<Unit filename="include/Lua/lopcodes.h" />
		<Unit filename="include/Lua/lparser.h" />
		<Unit filename="include/Lua/lstate.h" />
		<Unit filename="include/Lua/lstring.h" />
		<Unit filename="include/Lua/ltable.h" />
		<Unit filename="include/Lua/ltm.h" />
		<Unit filename="include/Lua/lua.h" />
		<Unit filename="include/Lua/lua.hpp" />
		<Unit filename="include/Lua/luaconf.h" />
		<Unit filename="include/Lua/lualib.h" />
		<Unit filename="include/Lua/lundump.h" />
		<Unit filename="include/Lua/lvm.h" />
		<Unit filename="include/Lua/lzio.h" />
		<Unit filename="include/Neuron/Neuron.h" />
		<Unit filename="include/Neuron/NeuronController.h" />
		<Unit filename="include/Neuron/NeuronModel.h" />
		<Unit filename="include/Neuron/NeuronViewer.h" />
		<Unit filename="include/Panel/Panel.h" />
		<Unit filename="include/Panel/PanelController.h" />
		<Unit filename="include/Panel/PanelModel.h" />
		<Unit filename="include/Panel/PanelViewer.h" />
		<Unit filename="include/Picture/Picture.h" />
		<Unit filename="include/Picture/PictureController.h" />
		<Unit filename="include/Picture/PictureModel.h" />
		<Unit filename="include/Picture/PictureViewer.h" />
		<Unit filename="include/ProgressBar/ProgressBar.h" />
		<Unit filename="include/ProgressBar/ProgressBarController.h" />
		<Unit filename="include/ProgressBar/ProgressBarModel.h" />
		<Unit filename="include/ProgressBar/ProgressBarViewer.h" />
		<Unit filename="include/RevoluteJoint/RevoluteJoint.h" />
		<Unit filename="include/RevoluteJoint/RevoluteJointController.h" />
		<Unit filename="include/RevoluteJoint/RevoluteJointModel.h" />
		<Unit filename="include/RevoluteJoint/RevoluteJointViewer.h" />
		<Unit filename="include/RigidBody/RigidBody.h" />
		<Unit filename="include/RigidBody/RigidBodyController.h" />
		<Unit filename="include/RigidBody/RigidBodyModel.h" />
		<Unit filename="include/RigidBody/RigidBodyViewer.h" />
		<Unit filename="include/SDBGUI_math.h" />
		<Unit filename="include/SFML/Audio.hpp" />
		<Unit filename="include/SFML/Audio/AlResource.hpp" />
		<Unit filename="include/SFML/Audio/Export.hpp" />
		<Unit filename="include/SFML/Audio/InputSoundFile.hpp" />
		<Unit filename="include/SFML/Audio/Listener.hpp" />
		<Unit filename="include/SFML/Audio/Music.hpp" />
		<Unit filename="include/SFML/Audio/OutputSoundFile.hpp" />
		<Unit filename="include/SFML/Audio/Sound.hpp" />
		<Unit filename="include/SFML/Audio/SoundBuffer.hpp" />
		<Unit filename="include/SFML/Audio/SoundBufferRecorder.hpp" />
		<Unit filename="include/SFML/Audio/SoundFileFactory.hpp" />
		<Unit filename="include/SFML/Audio/SoundFileReader.hpp" />
		<Unit filename="include/SFML/Audio/SoundFileWriter.hpp" />
		<Unit filename="include/SFML/Audio/SoundRecorder.hpp" />
		<Unit filename="include/SFML/Audio/SoundSource.hpp" />
		<Unit filename="include/SFML/Audio/SoundStream.hpp" />
		<Unit filename="include/SFML/Config.hpp" />
		<Unit filename="include/SFML/Graphics.hpp" />
		<Unit filename="include/SFML/Graphics/BlendMode.hpp" />
		<Unit filename="include/SFML/Graphics/CircleShape.hpp" />
		<Unit filename="include/SFML/Graphics/Color.hpp" />
		<Unit filename="include/SFML/Graphics/ConvexShape.hpp" />
		<Unit filename="include/SFML/Graphics/Drawable.hpp" />
		<Unit filename="include/SFML/Graphics/Export.hpp" />
		<Unit filename="include/SFML/Graphics/Font.hpp" />
		<Unit filename="include/SFML/Graphics/Glsl.hpp" />
		<Unit filename="include/SFML/Graphics/Glyph.hpp" />
		<Unit filename="include/SFML/Graphics/Image.hpp" />
		<Unit filename="include/SFML/Graphics/PrimitiveType.hpp" />
		<Unit filename="include/SFML/Graphics/Rect.hpp" />
		<Unit filename="include/SFML/Graphics/RectangleShape.hpp" />
		<Unit filename="include/SFML/Graphics/RenderStates.hpp" />
		<Unit filename="include/SFML/Graphics/RenderTarget.hpp" />
		<Unit filename="include/SFML/Graphics/RenderTexture.hpp" />
		<Unit filename="include/SFML/Graphics/RenderWindow.hpp" />
		<Unit filename="include/SFML/Graphics/Shader.hpp" />
		<Unit filename="include/SFML/Graphics/Shape.hpp" />
		<Unit filename="include/SFML/Graphics/Sprite.hpp" />
		<Unit filename="include/SFML/Graphics/Text.hpp" />
		<Unit filename="include/SFML/Graphics/Texture.hpp" />
		<Unit filename="include/SFML/Graphics/Transform.hpp" />
		<Unit filename="include/SFML/Graphics/Transformable.hpp" />
		<Unit filename="include/SFML/Graphics/Vertex.hpp" />
		<Unit filename="include/SFML/Graphics/VertexArray.hpp" />
		<Unit filename="include/SFML/Graphics/View.hpp" />
		<Unit filename="include/SFML/Main.hpp" />
		<Unit filename="include/SFML/Network.hpp" />
		<Unit filename="include/SFML/Network/Export.hpp" />
		<Unit filename="include/SFML/Network/Ftp.hpp" />
		<Unit filename="include/SFML/Network/Http.hpp" />
		<Unit filename="include/SFML/Network/IpAddress.hpp" />
		<Unit filename="include/SFML/Network/Packet.hpp" />
		<Unit filename="include/SFML/Network/Socket.hpp" />
		<Unit filename="include/SFML/Network/SocketHandle.hpp" />
		<Unit filename="include/SFML/Network/SocketSelector.hpp" />
		<Unit filename="include/SFML/Network/TcpListener.hpp" />
		<Unit filename="include/SFML/Network/TcpSocket.hpp" />
		<Unit filename="include/SFML/Network/UdpSocket.hpp" />
		<Unit filename="include/SFML/OpenGL.hpp" />
		<Unit filename="include/SFML/System.hpp" />
		<Unit filename="include/SFML/System/Clock.hpp" />
		<Unit filename="include/SFML/System/Err.hpp" />
		<Unit filename="include/SFML/System/Export.hpp" />
		<Unit filename="include/SFML/System/FileInputStream.hpp" />
		<Unit filename="include/SFML/System/InputStream.hpp" />
		<Unit filename="include/SFML/System/Lock.hpp" />
		<Unit filename="include/SFML/System/MemoryInputStream.hpp" />
		<Unit filename="include/SFML/System/Mutex.hpp" />
		<Unit filename="include/SFML/System/NativeActivity.hpp" />
		<Unit filename="include/SFML/System/NonCopyable.hpp" />
		<Unit filename="include/SFML/System/Sleep.hpp" />
		<Unit filename="include/SFML/System/String.hpp" />
		<Unit filename="include/SFML/System/Thread.hpp" />
		<Unit filename="include/SFML/System/ThreadLocal.hpp" />
		<Unit filename="include/SFML/System/ThreadLocalPtr.hpp" />
		<Unit filename="include/SFML/System/Time.hpp" />
		<Unit filename="include/SFML/System/Utf.hpp" />
		<Unit filename="include/SFML/System/Vector2.hpp" />
		<Unit filename="include/SFML/System/Vector3.hpp" />
		<Unit filename="include/SFML/Window.hpp" />
		<Unit filename="include/SFML/Window/Context.hpp" />
		<Unit filename="include/SFML/Window/ContextSettings.hpp" />
		<Unit filename="include/SFML/Window/Event.hpp" />
		<Unit filename="include/SFML/Window/Export.hpp" />
		<Unit filename="include/SFML/Window/GlResource.hpp" />
		<Unit filename="include/SFML/Window/Joystick.hpp" />
		<Unit filename="include/SFML/Window/Keyboard.hpp" />
		<Unit filename="include/SFML/Window/Mouse.hpp" />
		<Unit filename="include/SFML/Window/Sensor.hpp" />
		<Unit filename="include/SFML/Window/Touch.hpp" />
		<Unit filename="include/SFML/Window/VideoMode.hpp" />
		<Unit filename="include/SFML/Window/Window.hpp" />
		<Unit filename="include/SFML/Window/WindowHandle.hpp" />
		<Unit filename="include/SFML/Window/WindowStyle.hpp" />
		<Unit filename="include/Scene/Scene.h" />
		<Unit filename="include/Scene/SceneController.h" />
		<Unit filename="include/Scene/SceneModel.h" />
		<Unit filename="include/Scene/SceneViewer.h" />
		<Unit filename="include/Table/Table.h" />
		<Unit filename="include/Table/TableController.h" />
		<Unit filename="include/Table/TableModel.h" />
		<Unit filename="include/Table/TableViewer.h" />
		<Unit filename="include/Timer/Timer.h" />
		<Unit filename="include/Timer/TimerController.h" />
		<Unit filename="include/Timer/TimerModel.h" />
		<Unit filename="include/Timer/TimerViewer.h" />
		<Unit filename="include/TransformerRXY/TransformerRXY.h" />
		<Unit filename="include/TransformerRXY/TransformerRXYController.h" />
		<Unit filename="include/TransformerRXY/TransformerRXYModel.h" />
		<Unit filename="include/TransformerRXY/TransformerRXYViewer.h" />
		<Unit filename="include/Transformer/Transformer.h" />
		<Unit filename="include/Transformer/TransformerController.h" />
		<Unit filename="include/Transformer/TransformerModel.h" />
		<Unit filename="include/Transformer/TransformerViewer.h" />
		<Unit filename="include/World/World.h" />
		<Unit filename="include/World/WorldController.h" />
		<Unit filename="include/World/WorldModel.h" />
		<Unit filename="include/World/WorldViewer.h" />
		<Unit filename="include/base.h" />
		<Unit filename="include/sensor/sensor.h" />
		<Unit filename="include/sensor/sensorController.h" />
		<Unit filename="include/sensor/sensorModel.h" />
		<Unit filename="include/sensor/sensorViewer.h" />
		<Unit filename="src/Animation/Animation.cpp" />
		<Unit filename="src/Animation/AnimationController.cpp" />
		<Unit filename="src/Animation/AnimationModel.cpp" />
		<Unit filename="src/Animation/AnimationViewer.cpp" />
		<Unit filename="src/Arrow/Arrow.cpp" />
		<Unit filename="src/Arrow/ArrowController.cpp" />
		<Unit filename="src/Arrow/ArrowModel.cpp" />
		<Unit filename="src/Arrow/ArrowViewer.cpp" />
		<Unit filename="src/Box2D/Collision/Shapes/b2ChainShape.cpp" />
		<Unit filename="src/Box2D/Collision/Shapes/b2CircleShape.cpp" />
		<Unit filename="src/Box2D/Collision/Shapes/b2EdgeShape.cpp" />
		<Unit filename="src/Box2D/Collision/Shapes/b2PolygonShape.cpp" />
		<Unit filename="src/Box2D/Collision/b2BroadPhase.cpp" />
		<Unit filename="src/Box2D/Collision/b2CollideCircle.cpp" />
		<Unit filename="src/Box2D/Collision/b2CollideEdge.cpp" />
		<Unit filename="src/Box2D/Collision/b2CollidePolygon.cpp" />
		<Unit filename="src/Box2D/Collision/b2Collision.cpp" />
		<Unit filename="src/Box2D/Collision/b2Distance.cpp" />
		<Unit filename="src/Box2D/Collision/b2DynamicTree.cpp" />
		<Unit filename="src/Box2D/Collision/b2TimeOfImpact.cpp" />
		<Unit filename="src/Box2D/Common/b2BlockAllocator.cpp" />
		<Unit filename="src/Box2D/Common/b2Draw.cpp" />
		<Unit filename="src/Box2D/Common/b2Math.cpp" />
		<Unit filename="src/Box2D/Common/b2Settings.cpp" />
		<Unit filename="src/Box2D/Common/b2StackAllocator.cpp" />
		<Unit filename="src/Box2D/Common/b2Timer.cpp" />
		<Unit filename="src/Box2D/Dynamics/Contacts/b2ChainAndCircleContact.cpp" />
		<Unit filename="src/Box2D/Dynamics/Contacts/b2ChainAndPolygonContact.cpp" />
		<Unit filename="src/Box2D/Dynamics/Contacts/b2CircleContact.cpp" />
		<Unit filename="src/Box2D/Dynamics/Contacts/b2Contact.cpp" />
		<Unit filename="src/Box2D/Dynamics/Contacts/b2ContactSolver.cpp" />
		<Unit filename="src/Box2D/Dynamics/Contacts/b2EdgeAndCircleContact.cpp" />
		<Unit filename="src/Box2D/Dynamics/Contacts/b2EdgeAndPolygonContact.cpp" />
		<Unit filename="src/Box2D/Dynamics/Contacts/b2PolygonAndCircleContact.cpp" />
		<Unit filename="src/Box2D/Dynamics/Contacts/b2PolygonContact.cpp" />
		<Unit filename="src/Box2D/Dynamics/Joints/b2DistanceJoint.cpp" />
		<Unit filename="src/Box2D/Dynamics/Joints/b2FrictionJoint.cpp" />
		<Unit filename="src/Box2D/Dynamics/Joints/b2GearJoint.cpp" />
		<Unit filename="src/Box2D/Dynamics/Joints/b2Joint.cpp" />
		<Unit filename="src/Box2D/Dynamics/Joints/b2MotorJoint.cpp" />
		<Unit filename="src/Box2D/Dynamics/Joints/b2MouseJoint.cpp" />
		<Unit filename="src/Box2D/Dynamics/Joints/b2PrismaticJoint.cpp" />
		<Unit filename="src/Box2D/Dynamics/Joints/b2PulleyJoint.cpp" />
		<Unit filename="src/Box2D/Dynamics/Joints/b2RevoluteJoint.cpp" />
		<Unit filename="src/Box2D/Dynamics/Joints/b2RopeJoint.cpp" />
		<Unit filename="src/Box2D/Dynamics/Joints/b2WeldJoint.cpp" />
		<Unit filename="src/Box2D/Dynamics/Joints/b2WheelJoint.cpp" />
		<Unit filename="src/Box2D/Dynamics/b2Body.cpp" />
		<Unit filename="src/Box2D/Dynamics/b2ContactManager.cpp" />
		<Unit filename="src/Box2D/Dynamics/b2Fixture.cpp" />
		<Unit filename="src/Box2D/Dynamics/b2Island.cpp" />
		<Unit filename="src/Box2D/Dynamics/b2World.cpp" />
		<Unit filename="src/Box2D/Dynamics/b2WorldCallbacks.cpp" />
		<Unit filename="src/Box2D/Rope/b2Rope.cpp" />
		<Unit filename="src/BoxCollider2/BoxCollider2.cpp" />
		<Unit filename="src/BoxCollider2/BoxCollider2Controller.cpp" />
		<Unit filename="src/BoxCollider2/BoxCollider2Model.cpp" />
		<Unit filename="src/BoxCollider2/BoxCollider2Viewer.cpp" />
		<Unit filename="src/BoxCollider/BoxCollider.cpp" />
		<Unit filename="src/BoxCollider/BoxColliderController.cpp" />
		<Unit filename="src/BoxCollider/BoxColliderModel.cpp" />
		<Unit filename="src/BoxCollider/BoxColliderViewer.cpp" />
		<Unit filename="src/Button/Button.cpp" />
		<Unit filename="src/Button/ButtonController.cpp" />
		<Unit filename="src/Button/ButtonModel.cpp" />
		<Unit filename="src/Button/ButtonViewer.cpp" />
		<Unit filename="src/CheckBox/CheckBox.cpp" />
		<Unit filename="src/CheckBox/CheckBoxController.cpp" />
		<Unit filename="src/CheckBox/CheckBoxModel.cpp" />
		<Unit filename="src/CheckBox/CheckBoxViewer.cpp" />
		<Unit filename="src/CircleCollider/CircleCollider.cpp" />
		<Unit filename="src/CircleCollider/CircleColliderController.cpp" />
		<Unit filename="src/CircleCollider/CircleColliderModel.cpp" />
		<Unit filename="src/CircleCollider/CircleColliderViewer.cpp" />
		<Unit filename="src/Collider/Collider.cpp" />
		<Unit filename="src/Collider/ColliderController.cpp" />
		<Unit filename="src/Collider/ColliderModel.cpp" />
		<Unit filename="src/Collider/ColliderViewer.cpp" />
		<Unit filename="src/Component/Component.cpp" />
		<Unit filename="src/Component/ComponentController.cpp" />
		<Unit filename="src/Component/ComponentModel.cpp" />
		<Unit filename="src/Component/ComponentViewer.cpp" />
		<Unit filename="src/DistanceJoint/DistanceJoint.cpp" />
		<Unit filename="src/DistanceJoint/DistanceJointController.cpp" />
		<Unit filename="src/DistanceJoint/DistanceJointModel.cpp" />
		<Unit filename="src/DistanceJoint/DistanceJointViewer.cpp" />
		<Unit filename="src/Edit/Edit.cpp" />
		<Unit filename="src/Edit/EditController.cpp" />
		<Unit filename="src/Edit/EditModel.cpp" />
		<Unit filename="src/Edit/EditViewer.cpp" />
		<Unit filename="src/GUI/GUI.cpp" />
		<Unit filename="src/GUI/GUIController.cpp" />
		<Unit filename="src/GUI/GUIModel.cpp" />
		<Unit filename="src/GUI/GUIViewer.cpp" />
		<Unit filename="src/Joint/Joint.cpp" />
		<Unit filename="src/Joint/JointController.cpp" />
		<Unit filename="src/Joint/JointModel.cpp" />
		<Unit filename="src/Joint/JointViewer.cpp" />
		<Unit filename="src/Label/Label.cpp" />
		<Unit filename="src/Label/LabelController.cpp" />
		<Unit filename="src/Label/LabelModel.cpp" />
		<Unit filename="src/Label/LabelViewer.cpp" />
		<Unit filename="src/Neuron/Neuron.cpp" />
		<Unit filename="src/Neuron/NeuronController.cpp" />
		<Unit filename="src/Neuron/NeuronModel.cpp" />
		<Unit filename="src/Neuron/NeuronViewer.cpp" />
		<Unit filename="src/Panel/Panel.cpp" />
		<Unit filename="src/Panel/PanelController.cpp" />
		<Unit filename="src/Panel/PanelModel.cpp" />
		<Unit filename="src/Panel/PanelViewer.cpp" />
		<Unit filename="src/Picture/Picture.cpp" />
		<Unit filename="src/Picture/PictureController.cpp" />
		<Unit filename="src/Picture/PictureModel.cpp" />
		<Unit filename="src/Picture/PictureViewer.cpp" />
		<Unit filename="src/ProgressBar/ProgressBar.cpp" />
		<Unit filename="src/ProgressBar/ProgressBarController.cpp" />
		<Unit filename="src/ProgressBar/ProgressBarModel.cpp" />
		<Unit filename="src/ProgressBar/ProgressBarViewer.cpp" />
		<Unit filename="src/RevoluteJoint/RevoluteJoint.cpp" />
		<Unit filename="src/RevoluteJoint/RevoluteJointController.cpp" />
		<Unit filename="src/RevoluteJoint/RevoluteJointModel.cpp" />
		<Unit filename="src/RevoluteJoint/RevoluteJointViewer.cpp" />
		<Unit filename="src/RigidBody/RigidBody.cpp" />
		<Unit filename="src/RigidBody/RigidBodyController.cpp" />
		<Unit filename="src/RigidBody/RigidBodyModel.cpp" />
		<Unit filename="src/RigidBody/RigidBodyViewer.cpp" />
		<Unit filename="src/SDBGUI_math.cpp" />
		<Unit filename="src/Scene/Scene.cpp" />
		<Unit filename="src/Scene/SceneController.cpp" />
		<Unit filename="src/Scene/SceneModel.cpp" />
		<Unit filename="src/Scene/SceneViewer.cpp" />
		<Unit filename="src/Table/Table.cpp" />
		<Unit filename="src/Table/TableController.cpp" />
		<Unit filename="src/Table/TableModel.cpp" />
		<Unit filename="src/Table/TableViewer.cpp" />
		<Unit filename="src/Timer/Timer.cpp" />
		<Unit filename="src/Timer/TimerController.cpp" />
		<Unit filename="src/Timer/TimerModel.cpp" />
		<Unit filename="src/Timer/TimerViewer.cpp" />
		<Unit filename="src/TransformerRXY/TransformerRXY.cpp" />
		<Unit filename="src/TransformerRXY/TransformerRXYController.cpp" />
		<Unit filename="src/TransformerRXY/TransformerRXYModel.cpp" />
		<Unit filename="src/TransformerRXY/TransformerRXYViewer.cpp" />
		<Unit filename="src/Transformer/Transformer.cpp" />
		<Unit filename="src/Transformer/TransformerController.cpp" />
		<Unit filename="src/Transformer/TransformerModel.cpp" />
		<Unit filename="src/Transformer/TransformerViewer.cpp" />
		<Unit filename="src/World/World.cpp" />
		<Unit filename="src/World/WorldController.cpp" />
		<Unit filename="src/World/WorldModel.cpp" />
		<Unit filename="src/World/WorldViewer.cpp" />
		<Unit filename="src/sensor/sensor.cpp" />
		<Unit filename="src/sensor/sensorController.cpp" />
		<Unit filename="src/sensor/sensorModel.cpp" />
		<Unit filename="src/sensor/sensorViewer.cpp" />
		<Extensions>
			<code_completion />
			<envvars />
			<debugger />
		</Extensions>
	</Project>
</CodeBlocks_project_file>
