<?xml version="1.0" encoding="UTF-8" standalone="yes" ?>
<CodeBlocks_project_file>
	<FileVersion major="1" minor="6" />
	<Project>
		<Option title="Test1" />
		<Option pch_mode="2" />
		<Option compiler="gcc" />
		<Build>
			<Target title="Debug">
				<Option output="bin/Debug/Test1" prefix_auto="1" extension_auto="1" />
				<Option object_output="obj/Debug/" />
				<Option type="1" />
				<Option compiler="gcc" />
				<Compiler>
					<Add option="-g" />
					<Add option="-DSFML_STATIC" />
					<Add directory="include" />
					<Add directory="include/Box2D" />
				</Compiler>
				<Linker>
					<Add library="sfml-graphics-s" />
					<Add library="sfml-window-s" />
					<Add library="sfml-system-s" />
					<Add library="opengl32" />
					<Add library="freetype" />
					<Add library="jpeg" />
					<Add library="winmm" />
					<Add library="gdi32" />
					<Add library="lua" />
					<Add directory="lib" />
				</Linker>
			</Target>
			<Target title="Release">
				<Option output="bin/Release/Test1" prefix_auto="1" extension_auto="1" />
				<Option object_output="obj/Release/" />
				<Option type="1" />
				<Option compiler="gcc" />
				<Compiler>
					<Add option="-O2" />
					<Add directory="include" />
					<Add directory="include/Edit" />
				</Compiler>
				<Linker>
					<Add option="-s" />
					<Add library="sfml-graphics-s" />
					<Add library="sfml-window-s" />
					<Add library="sfml-system-s" />
					<Add library="opengl32" />
					<Add library="freetype" />
					<Add library="jpeg" />
					<Add library="winmm" />
					<Add library="gdi32" />
				</Linker>
			</Target>
		</Build>
		<Compiler>
			<Add option="-Wall" />
		</Compiler>
		<Unit filename="example.cpp" />
		<Unit filename="include/Arrow/Arrow.h" />
		<Unit filename="include/Arrow/ArrowController.h" />
		<Unit filename="include/Arrow/ArrowModel.h" />
		<Unit filename="include/Arrow/ArrowViewer.h" />
		<Unit filename="include/Box2D/Box2D.h" />
		<Unit filename="include/Box2D/Collision/Shapes/b2ChainShape.h" />
		<Unit filename="include/Box2D/Collision/Shapes/b2CircleShape.h" />
		<Unit filename="include/Box2D/Collision/Shapes/b2EdgeShape.h" />
		<Unit filename="include/Box2D/Collision/Shapes/b2PolygonShape.h" />
		<Unit filename="include/Box2D/Collision/Shapes/b2Shape.h" />
		<Unit filename="include/Box2D/Collision/b2BroadPhase.h" />
		<Unit filename="include/Box2D/Collision/b2Collision.h" />
		<Unit filename="include/Box2D/Collision/b2Distance.h" />
		<Unit filename="include/Box2D/Collision/b2DynamicTree.h" />
		<Unit filename="include/Box2D/Collision/b2TimeOfImpact.h" />
		<Unit filename="include/Box2D/Common/b2BlockAllocator.h" />
		<Unit filename="include/Box2D/Common/b2Draw.h" />
		<Unit filename="include/Box2D/Common/b2GrowableStack.h" />
		<Unit filename="include/Box2D/Common/b2Math.h" />
		<Unit filename="include/Box2D/Common/b2Settings.h" />
		<Unit filename="include/Box2D/Common/b2StackAllocator.h" />
		<Unit filename="include/Box2D/Common/b2Timer.h" />
		<Unit filename="include/Box2D/Dynamics/Contacts/b2ChainAndCircleContact.h" />
		<Unit filename="include/Box2D/Dynamics/Contacts/b2ChainAndPolygonContact.h" />
		<Unit filename="include/Box2D/Dynamics/Contacts/b2CircleContact.h" />
		<Unit filename="include/Box2D/Dynamics/Contacts/b2Contact.h" />
		<Unit filename="include/Box2D/Dynamics/Contacts/b2ContactSolver.h" />
		<Unit filename="include/Box2D/Dynamics/Contacts/b2EdgeAndCircleContact.h" />
		<Unit filename="include/Box2D/Dynamics/Contacts/b2EdgeAndPolygonContact.h" />
		<Unit filename="include/Box2D/Dynamics/Contacts/b2PolygonAndCircleContact.h" />
		<Unit filename="include/Box2D/Dynamics/Contacts/b2PolygonContact.h" />
		<Unit filename="include/Box2D/Dynamics/Joints/b2DistanceJoint.h" />
		<Unit filename="include/Box2D/Dynamics/Joints/b2FrictionJoint.h" />
		<Unit filename="include/Box2D/Dynamics/Joints/b2GearJoint.h" />
		<Unit filename="include/Box2D/Dynamics/Joints/b2Joint.h" />
		<Unit filename="include/Box2D/Dynamics/Joints/b2MotorJoint.h" />
		<Unit filename="include/Box2D/Dynamics/Joints/b2MouseJoint.h" />
		<Unit filename="include/Box2D/Dynamics/Joints/b2PrismaticJoint.h" />
		<Unit filename="include/Box2D/Dynamics/Joints/b2PulleyJoint.h" />
		<Unit filename="include/Box2D/Dynamics/Joints/b2RevoluteJoint.h" />
		<Unit filename="include/Box2D/Dynamics/Joints/b2RopeJoint.h" />
		<Unit filename="include/Box2D/Dynamics/Joints/b2WeldJoint.h" />
		<Unit filename="include/Box2D/Dynamics/Joints/b2WheelJoint.h" />
		<Unit filename="include/Box2D/Dynamics/b2Body.h" />
		<Unit filename="include/Box2D/Dynamics/b2ContactManager.h" />
		<Unit filename="include/Box2D/Dynamics/b2Fixture.h" />
		<Unit filename="include/Box2D/Dynamics/b2Island.h" />
		<Unit filename="include/Box2D/Dynamics/b2TimeStep.h" />
		<Unit filename="include/Box2D/Dynamics/b2World.h" />
		<Unit filename="include/Box2D/Dynamics/b2WorldCallbacks.h" />
		<Unit filename="include/Box2D/Rope/b2Rope.h" />
		<Unit filename="include/BoxCollider/BoxCollider.h" />
		<Unit filename="include/BoxCollider/BoxColliderController.h" />
		<Unit filename="include/BoxCollider/BoxColliderModel.h" />
		<Unit filename="include/BoxCollider/BoxColliderViewer.h" />
		<Unit filename="include/Button/Button.h" />
		<Unit filename="include/Button/ButtonController.h" />
		<Unit filename="include/Button/ButtonModel.h" />
		<Unit filename="include/Button/ButtonViewer.h" />
		<Unit filename="include/CircleCollider/CircleCollider.h" />
		<Unit filename="include/CircleCollider/CircleColliderController.h" />
		<Unit filename="include/CircleCollider/CircleColliderModel.h" />
		<Unit filename="include/CircleCollider/CircleColliderViewer.h" />
		<Unit filename="include/Component/Component.h" />
		<Unit filename="include/Component/ComponentController.h" />
		<Unit filename="include/Component/ComponentModel.h" />
		<Unit filename="include/Component/ComponentViewer.h" />
		<Unit filename="include/Edit/Edit.h" />
		<Unit filename="include/Edit/EditController.h" />
		<Unit filename="include/Edit/EditModel.h" />
		<Unit filename="include/Edit/EditViewer.h" />
		<Unit filename="include/GUI/GUI.h" />
		<Unit filename="include/GUI/GUIController.h" />
		<Unit filename="include/GUI/GUIModel.h" />
		<Unit filename="include/GUI/GUIViewer.h" />
		<Unit filename="include/Label/Label.h" />
		<Unit filename="include/Label/LabelController.h" />
		<Unit filename="include/Label/LabelModel.h" />
		<Unit filename="include/Label/LabelViewer.h" />
		<Unit filename="include/Lua/lapi.h" />
		<Unit filename="include/Lua/lauxlib.h" />
		<Unit filename="include/Lua/lcode.h" />
		<Unit filename="include/Lua/ldebug.h" />
		<Unit filename="include/Lua/ldo.h" />
		<Unit filename="include/Lua/lfunc.h" />
		<Unit filename="include/Lua/lgc.h" />
		<Unit filename="include/Lua/llex.h" />
		<Unit filename="include/Lua/llimits.h" />
		<Unit filename="include/Lua/lmem.h" />
		<Unit filename="include/Lua/lobject.h" />
		<Unit filename="include/Lua/lopcodes.h" />
		<Unit filename="include/Lua/lparser.h" />
		<Unit filename="include/Lua/lstate.h" />
		<Unit filename="include/Lua/lstring.h" />
		<Unit filename="include/Lua/ltable.h" />
		<Unit filename="include/Lua/ltm.h" />
		<Unit filename="include/Lua/lua.h" />
		<Unit filename="include/Lua/luaconf.h" />
		<Unit filename="include/Lua/lualib.h" />
		<Unit filename="include/Lua/lundump.h" />
		<Unit filename="include/Lua/lvm.h" />
		<Unit filename="include/Lua/lzio.h" />
		<Unit filename="include/Neuron/Neuron.h" />
		<Unit filename="include/Neuron/NeuronController.h" />
		<Unit filename="include/Neuron/NeuronModel.h" />
		<Unit filename="include/Neuron/NeuronViewer.h" />
		<Unit filename="include/Panel/Panel.h" />
		<Unit filename="include/Panel/PanelController.h" />
		<Unit filename="include/Panel/PanelModel.h" />
		<Unit filename="include/Panel/PanelViewer.h" />
		<Unit filename="include/Picture/Picture.h" />
		<Unit filename="include/Picture/PictureController.h" />
		<Unit filename="include/Picture/PictureModel.h" />
		<Unit filename="include/Picture/PictureViewer.h" />
		<Unit filename="include/Scene/Scene.h" />
		<Unit filename="include/Scene/SceneController.h" />
		<Unit filename="include/Scene/SceneModel.h" />
		<Unit filename="include/Scene/SceneViewer.h" />
		<Unit filename="include/Table/Table.h" />
		<Unit filename="include/Table/TableController.h" />
		<Unit filename="include/Table/TableModel.h" />
		<Unit filename="include/Table/TableViewer.h" />
		<Unit filename="include/Timer/Timer.h" />
		<Unit filename="include/Timer/TimerController.h" />
		<Unit filename="include/Timer/TimerModel.h" />
		<Unit filename="include/Timer/TimerViewer.h" />
		<Unit filename="include/Transformer/Transformer.h" />
		<Unit filename="include/Transformer/TransformerController.h" />
		<Unit filename="include/Transformer/TransformerModel.h" />
		<Unit filename="include/Transformer/TransformerViewer.h" />
		<Unit filename="include/World/World.h" />
		<Unit filename="include/World/WorldController.h" />
		<Unit filename="include/World/WorldModel.h" />
		<Unit filename="include/World/WorldViewer.h" />
		<Unit filename="include/base.h" />
		<Unit filename="src/Arrow/Arrow.cpp" />
		<Unit filename="src/Arrow/ArrowController.cpp" />
		<Unit filename="src/Arrow/ArrowModel.cpp" />
		<Unit filename="src/Arrow/ArrowViewer.cpp" />
		<Unit filename="src/Box2D/Collision/Shapes/b2ChainShape.cpp" />
		<Unit filename="src/Box2D/Collision/Shapes/b2CircleShape.cpp" />
		<Unit filename="src/Box2D/Collision/Shapes/b2EdgeShape.cpp" />
		<Unit filename="src/Box2D/Collision/Shapes/b2PolygonShape.cpp" />
		<Unit filename="src/Box2D/Collision/b2BroadPhase.cpp" />
		<Unit filename="src/Box2D/Collision/b2CollideCircle.cpp" />
		<Unit filename="src/Box2D/Collision/b2CollideEdge.cpp" />
		<Unit filename="src/Box2D/Collision/b2CollidePolygon.cpp" />
		<Unit filename="src/Box2D/Collision/b2Collision.cpp" />
		<Unit filename="src/Box2D/Collision/b2Distance.cpp" />
		<Unit filename="src/Box2D/Collision/b2DynamicTree.cpp" />
		<Unit filename="src/Box2D/Collision/b2TimeOfImpact.cpp" />
		<Unit filename="src/Box2D/Common/b2BlockAllocator.cpp" />
		<Unit filename="src/Box2D/Common/b2Draw.cpp" />
		<Unit filename="src/Box2D/Common/b2Math.cpp" />
		<Unit filename="src/Box2D/Common/b2Settings.cpp" />
		<Unit filename="src/Box2D/Common/b2StackAllocator.cpp" />
		<Unit filename="src/Box2D/Common/b2Timer.cpp" />
		<Unit filename="src/Box2D/Dynamics/Contacts/b2ChainAndCircleContact.cpp" />
		<Unit filename="src/Box2D/Dynamics/Contacts/b2ChainAndPolygonContact.cpp" />
		<Unit filename="src/Box2D/Dynamics/Contacts/b2CircleContact.cpp" />
		<Unit filename="src/Box2D/Dynamics/Contacts/b2Contact.cpp" />
		<Unit filename="src/Box2D/Dynamics/Contacts/b2ContactSolver.cpp" />
		<Unit filename="src/Box2D/Dynamics/Contacts/b2EdgeAndCircleContact.cpp" />
		<Unit filename="src/Box2D/Dynamics/Contacts/b2EdgeAndPolygonContact.cpp" />
		<Unit filename="src/Box2D/Dynamics/Contacts/b2PolygonAndCircleContact.cpp" />
		<Unit filename="src/Box2D/Dynamics/Contacts/b2PolygonContact.cpp" />
		<Unit filename="src/Box2D/Dynamics/Joints/b2DistanceJoint.cpp" />
		<Unit filename="src/Box2D/Dynamics/Joints/b2FrictionJoint.cpp" />
		<Unit filename="src/Box2D/Dynamics/Joints/b2GearJoint.cpp" />
		<Unit filename="src/Box2D/Dynamics/Joints/b2Joint.cpp" />
		<Unit filename="src/Box2D/Dynamics/Joints/b2MotorJoint.cpp" />
		<Unit filename="src/Box2D/Dynamics/Joints/b2MouseJoint.cpp" />
		<Unit filename="src/Box2D/Dynamics/Joints/b2PrismaticJoint.cpp" />
		<Unit filename="src/Box2D/Dynamics/Joints/b2PulleyJoint.cpp" />
		<Unit filename="src/Box2D/Dynamics/Joints/b2RevoluteJoint.cpp" />
		<Unit filename="src/Box2D/Dynamics/Joints/b2RopeJoint.cpp" />
		<Unit filename="src/Box2D/Dynamics/Joints/b2WeldJoint.cpp" />
		<Unit filename="src/Box2D/Dynamics/Joints/b2WheelJoint.cpp" />
		<Unit filename="src/Box2D/Dynamics/b2Body.cpp" />
		<Unit filename="src/Box2D/Dynamics/b2ContactManager.cpp" />
		<Unit filename="src/Box2D/Dynamics/b2Fixture.cpp" />
		<Unit filename="src/Box2D/Dynamics/b2Island.cpp" />
		<Unit filename="src/Box2D/Dynamics/b2World.cpp" />
		<Unit filename="src/Box2D/Dynamics/b2WorldCallbacks.cpp" />
		<Unit filename="src/Box2D/Rope/b2Rope.cpp" />
		<Unit filename="src/BoxCollider/BoxCollider.cpp" />
		<Unit filename="src/BoxCollider/BoxColliderController.cpp" />
		<Unit filename="src/BoxCollider/BoxColliderModel.cpp" />
		<Unit filename="src/BoxCollider/BoxColliderViewer.cpp" />
		<Unit filename="src/Button/Button.cpp" />
		<Unit filename="src/Button/ButtonController.cpp" />
		<Unit filename="src/Button/ButtonModel.cpp" />
		<Unit filename="src/Button/ButtonViewer.cpp" />
		<Unit filename="src/CircleCollider/CircleCollider.cpp" />
		<Unit filename="src/CircleCollider/CircleColliderController.cpp" />
		<Unit filename="src/CircleCollider/CircleColliderModel.cpp" />
		<Unit filename="src/CircleCollider/CircleColliderViewer.cpp" />
		<Unit filename="src/Component/Component.cpp" />
		<Unit filename="src/Component/ComponentController.cpp" />
		<Unit filename="src/Component/ComponentModel.cpp" />
		<Unit filename="src/Component/ComponentViewer.cpp" />
		<Unit filename="src/Edit/Edit.cpp" />
		<Unit filename="src/Edit/EditController.cpp" />
		<Unit filename="src/Edit/EditModel.cpp" />
		<Unit filename="src/Edit/EditViewer.cpp" />
		<Unit filename="src/GUI/GUI.cpp" />
		<Unit filename="src/GUI/GUIController.cpp" />
		<Unit filename="src/GUI/GUIModel.cpp" />
		<Unit filename="src/GUI/GUIViewer.cpp" />
		<Unit filename="src/Label/Label.cpp" />
		<Unit filename="src/Label/LabelController.cpp" />
		<Unit filename="src/Label/LabelModel.cpp" />
		<Unit filename="src/Label/LabelViewer.cpp" />
		<Unit filename="src/Neuron/Neuron.cpp" />
		<Unit filename="src/Neuron/NeuronController.cpp" />
		<Unit filename="src/Neuron/NeuronModel.cpp" />
		<Unit filename="src/Neuron/NeuronViewer.cpp" />
		<Unit filename="src/Panel/Panel.cpp" />
		<Unit filename="src/Panel/PanelController.cpp" />
		<Unit filename="src/Panel/PanelModel.cpp" />
		<Unit filename="src/Panel/PanelViewer.cpp" />
		<Unit filename="src/Picture/Picture.cpp" />
		<Unit filename="src/Picture/PictureController.cpp" />
		<Unit filename="src/Picture/PictureModel.cpp" />
		<Unit filename="src/Picture/PictureViewer.cpp" />
		<Unit filename="src/Scene/Scene.cpp" />
		<Unit filename="src/Scene/SceneController.cpp" />
		<Unit filename="src/Scene/SceneModel.cpp" />
		<Unit filename="src/Scene/SceneViewer.cpp" />
		<Unit filename="src/Table/Table.cpp" />
		<Unit filename="src/Table/TableController.cpp" />
		<Unit filename="src/Table/TableModel.cpp" />
		<Unit filename="src/Table/TableViewer.cpp" />
		<Unit filename="src/Timer/Timer.cpp" />
		<Unit filename="src/Timer/TimerController.cpp" />
		<Unit filename="src/Timer/TimerModel.cpp" />
		<Unit filename="src/Timer/TimerViewer.cpp" />
		<Unit filename="src/Transformer/Transformer.cpp" />
		<Unit filename="src/Transformer/TransformerController.cpp" />
		<Unit filename="src/Transformer/TransformerModel.cpp" />
		<Unit filename="src/Transformer/TransformerViewer.cpp" />
		<Unit filename="src/World/World.cpp" />
		<Unit filename="src/World/WorldController.cpp" />
		<Unit filename="src/World/WorldModel.cpp" />
		<Unit filename="src/World/WorldViewer.cpp" />
		<Extensions>
			<code_completion />
			<envvars />
			<debugger />
			<lib_finder disable_auto="1" />
			<DoxyBlocks>
				<comment_style block="0" line="0" />
				<doxyfile_project />
				<doxyfile_build />
				<doxyfile_warnings />
				<doxyfile_output />
				<doxyfile_dot />
				<general />
			</DoxyBlocks>
		</Extensions>
	</Project>
</CodeBlocks_project_file>
